// !$*UTF8*$!
{
	archiveVersion = 1;
	classes = {
	};
	objectVersion = 46;
	objects = {

/* Begin PBXBuildFile section */
		DB3A65731D021258007A2A27 /* ChildTableViewController.swift in Sources */ = {isa = PBXBuildFile; fileRef = DB3A65721D021258007A2A27 /* ChildTableViewController.swift */; };
		DB3A65751D021FA4007A2A27 /* PercentileViewController.swift in Sources */ = {isa = PBXBuildFile; fileRef = DB3A65741D021FA4007A2A27 /* PercentileViewController.swift */; };
		DB3A65781D04C4E9007A2A27 /* Main.storyboard in Resources */ = {isa = PBXBuildFile; fileRef = DB3A65761D04C4E9007A2A27 /* Main.storyboard */; };
		DB3FA0D71CFF7221007FA8B5 /* Percentile.swift in Sources */ = {isa = PBXBuildFile; fileRef = DB3FA0D61CFF7221007FA8B5 /* Percentile.swift */; };
		DB3FA0D81CFF7221007FA8B5 /* Percentile.swift in Sources */ = {isa = PBXBuildFile; fileRef = DB3FA0D61CFF7221007FA8B5 /* Percentile.swift */; };
		DB3FA0DA1D00C746007FA8B5 /* ChildTableViewCell.swift in Sources */ = {isa = PBXBuildFile; fileRef = DB3FA0D91D00C746007FA8B5 /* ChildTableViewCell.swift */; };
		DB6586D81CFADDCC00454235 /* DatePickerDialog.swift in Sources */ = {isa = PBXBuildFile; fileRef = DB6586D71CFADDCC00454235 /* DatePickerDialog.swift */; };
		DBAFB3D81CFB0E0F0083B061 /* GenderControl.swift in Sources */ = {isa = PBXBuildFile; fileRef = DBAFB3D71CFB0E0F0083B061 /* GenderControl.swift */; };
		DBAFB3DA1CFB3ADA0083B061 /* Child.swift in Sources */ = {isa = PBXBuildFile; fileRef = DBAFB3D91CFB3ADA0083B061 /* Child.swift */; };
		DBAFB3DB1CFB3ADA0083B061 /* Child.swift in Sources */ = {isa = PBXBuildFile; fileRef = DBAFB3D91CFB3ADA0083B061 /* Child.swift */; };
		DBD84BA91CFA4F9900F462DB /* AppDelegate.swift in Sources */ = {isa = PBXBuildFile; fileRef = DBD84BA81CFA4F9900F462DB /* AppDelegate.swift */; };
		DBD84BAB1CFA4F9900F462DB /* ChildViewController.swift in Sources */ = {isa = PBXBuildFile; fileRef = DBD84BAA1CFA4F9900F462DB /* ChildViewController.swift */; };
		DBD84BB01CFA4F9900F462DB /* Assets.xcassets in Resources */ = {isa = PBXBuildFile; fileRef = DBD84BAF1CFA4F9900F462DB /* Assets.xcassets */; };
		DBD84BBE1CFA4F9900F462DB /* BebeSanoTests.swift in Sources */ = {isa = PBXBuildFile; fileRef = DBD84BBD1CFA4F9900F462DB /* BebeSanoTests.swift */; };
/* End PBXBuildFile section */

/* Begin PBXContainerItemProxy section */
		DBD84BBA1CFA4F9900F462DB /* PBXContainerItemProxy */ = {
			isa = PBXContainerItemProxy;
			containerPortal = DBD84B9D1CFA4F9900F462DB /* Project object */;
			proxyType = 1;
			remoteGlobalIDString = DBD84BA41CFA4F9900F462DB;
			remoteInfo = BebeSano;
		};
/* End PBXContainerItemProxy section */

/* Begin PBXFileReference section */
		DB3A65721D021258007A2A27 /* ChildTableViewController.swift */ = {isa = PBXFileReference; fileEncoding = 4; lastKnownFileType = sourcecode.swift; path = ChildTableViewController.swift; sourceTree = "<group>"; };
		DB3A65741D021FA4007A2A27 /* PercentileViewController.swift */ = {isa = PBXFileReference; fileEncoding = 4; lastKnownFileType = sourcecode.swift; path = PercentileViewController.swift; sourceTree = "<group>"; };
		DB3A65771D04C4E9007A2A27 /* Base */ = {isa = PBXFileReference; lastKnownFileType = file.storyboard; name = Base; path = Base.lproj/Main.storyboard; sourceTree = "<group>"; };
		DB3FA0D61CFF7221007FA8B5 /* Percentile.swift */ = {isa = PBXFileReference; fileEncoding = 4; lastKnownFileType = sourcecode.swift; path = Percentile.swift; sourceTree = "<group>"; };
		DB3FA0D91D00C746007FA8B5 /* ChildTableViewCell.swift */ = {isa = PBXFileReference; fileEncoding = 4; lastKnownFileType = sourcecode.swift; path = ChildTableViewCell.swift; sourceTree = "<group>"; };
		DB6586D71CFADDCC00454235 /* DatePickerDialog.swift */ = {isa = PBXFileReference; fileEncoding = 4; lastKnownFileType = sourcecode.swift; path = DatePickerDialog.swift; sourceTree = "<group>"; };
		DBAFB3D71CFB0E0F0083B061 /* GenderControl.swift */ = {isa = PBXFileReference; fileEncoding = 4; lastKnownFileType = sourcecode.swift; path = GenderControl.swift; sourceTree = "<group>"; };
		DBAFB3D91CFB3ADA0083B061 /* Child.swift */ = {isa = PBXFileReference; fileEncoding = 4; lastKnownFileType = sourcecode.swift; path = Child.swift; sourceTree = "<group>"; };
		DBD84BA51CFA4F9900F462DB /* BebeSano.app */ = {isa = PBXFileReference; explicitFileType = wrapper.application; includeInIndex = 0; path = BebeSano.app; sourceTree = BUILT_PRODUCTS_DIR; };
		DBD84BA81CFA4F9900F462DB /* AppDelegate.swift */ = {isa = PBXFileReference; lastKnownFileType = sourcecode.swift; path = AppDelegate.swift; sourceTree = "<group>"; };
		DBD84BAA1CFA4F9900F462DB /* ChildViewController.swift */ = {isa = PBXFileReference; lastKnownFileType = sourcecode.swift; path = ChildViewController.swift; sourceTree = "<group>"; };
		DBD84BAF1CFA4F9900F462DB /* Assets.xcassets */ = {isa = PBXFileReference; lastKnownFileType = folder.assetcatalog; path = Assets.xcassets; sourceTree = "<group>"; };
		DBD84BB41CFA4F9900F462DB /* Info.plist */ = {isa = PBXFileReference; lastKnownFileType = text.plist.xml; path = Info.plist; sourceTree = "<group>"; };
		DBD84BB91CFA4F9900F462DB /* BebeSanoTests.xctest */ = {isa = PBXFileReference; explicitFileType = wrapper.cfbundle; includeInIndex = 0; path = BebeSanoTests.xctest; sourceTree = BUILT_PRODUCTS_DIR; };
		DBD84BBD1CFA4F9900F462DB /* BebeSanoTests.swift */ = {isa = PBXFileReference; lastKnownFileType = sourcecode.swift; path = BebeSanoTests.swift; sourceTree = "<group>"; };
		DBD84BBF1CFA4F9900F462DB /* Info.plist */ = {isa = PBXFileReference; lastKnownFileType = text.plist.xml; path = Info.plist; sourceTree = "<group>"; };
/* End PBXFileReference section */

/* Begin PBXFrameworksBuildPhase section */
		DBD84BA21CFA4F9900F462DB /* Frameworks */ = {
			isa = PBXFrameworksBuildPhase;
			buildActionMask = 2147483647;
			files = (
			);
			runOnlyForDeploymentPostprocessing = 0;
		};
		DBD84BB61CFA4F9900F462DB /* Frameworks */ = {
			isa = PBXFrameworksBuildPhase;
			buildActionMask = 2147483647;
			files = (
			);
			runOnlyForDeploymentPostprocessing = 0;
		};
/* End PBXFrameworksBuildPhase section */

/* Begin PBXGroup section */
		DBD84B9C1CFA4F9900F462DB = {
			isa = PBXGroup;
			children = (
				DBD84BA71CFA4F9900F462DB /* BebeSano */,
				DBD84BBC1CFA4F9900F462DB /* BebeSanoTests */,
				DBD84BA61CFA4F9900F462DB /* Products */,
			);
			sourceTree = "<group>";
		};
		DBD84BA61CFA4F9900F462DB /* Products */ = {
			isa = PBXGroup;
			children = (
				DBD84BA51CFA4F9900F462DB /* BebeSano.app */,
				DBD84BB91CFA4F9900F462DB /* BebeSanoTests.xctest */,
			);
			name = Products;
			sourceTree = "<group>";
		};
		DBD84BA71CFA4F9900F462DB /* BebeSano */ = {
			isa = PBXGroup;
			children = (
				DB6586D71CFADDCC00454235 /* DatePickerDialog.swift */,
				DBD84BA81CFA4F9900F462DB /* AppDelegate.swift */,
				DBD84BAA1CFA4F9900F462DB /* ChildViewController.swift */,
				DB3A65741D021FA4007A2A27 /* PercentileViewController.swift */,
				DB3FA0D91D00C746007FA8B5 /* ChildTableViewCell.swift */,
				DB3A65721D021258007A2A27 /* ChildTableViewController.swift */,
				DB3A65761D04C4E9007A2A27 /* Main.storyboard */,
				DBD84BAF1CFA4F9900F462DB /* Assets.xcassets */,
				DBAFB3D91CFB3ADA0083B061 /* Child.swift */,
				DB3FA0D61CFF7221007FA8B5 /* Percentile.swift */,
				DBD84BB41CFA4F9900F462DB /* Info.plist */,
				DBAFB3D71CFB0E0F0083B061 /* GenderControl.swift */,
			);
			path = BebeSano;
			sourceTree = "<group>";
		};
		DBD84BBC1CFA4F9900F462DB /* BebeSanoTests */ = {
			isa = PBXGroup;
			children = (
				DBD84BBD1CFA4F9900F462DB /* BebeSanoTests.swift */,
				DBD84BBF1CFA4F9900F462DB /* Info.plist */,
			);
			path = BebeSanoTests;
			sourceTree = "<group>";
		};
/* End PBXGroup section */

/* Begin PBXNativeTarget section */
		DBD84BA41CFA4F9900F462DB /* BebeSano */ = {
			isa = PBXNativeTarget;
			buildConfigurationList = DBD84BC21CFA4F9900F462DB /* Build configuration list for PBXNativeTarget "BebeSano" */;
			buildPhases = (
				DBD84BA11CFA4F9900F462DB /* Sources */,
				DBD84BA21CFA4F9900F462DB /* Frameworks */,
				DBD84BA31CFA4F9900F462DB /* Resources */,
			);
			buildRules = (
			);
			dependencies = (
			);
			name = BebeSano;
			productName = BebeSano;
			productReference = DBD84BA51CFA4F9900F462DB /* BebeSano.app */;
			productType = "com.apple.product-type.application";
		};
		DBD84BB81CFA4F9900F462DB /* BebeSanoTests */ = {
			isa = PBXNativeTarget;
			buildConfigurationList = DBD84BC51CFA4F9900F462DB /* Build configuration list for PBXNativeTarget "BebeSanoTests" */;
			buildPhases = (
				DBD84BB51CFA4F9900F462DB /* Sources */,
				DBD84BB61CFA4F9900F462DB /* Frameworks */,
				DBD84BB71CFA4F9900F462DB /* Resources */,
			);
			buildRules = (
			);
			dependencies = (
				DBD84BBB1CFA4F9900F462DB /* PBXTargetDependency */,
			);
			name = BebeSanoTests;
			productName = BebeSanoTests;
			productReference = DBD84BB91CFA4F9900F462DB /* BebeSanoTests.xctest */;
			productType = "com.apple.product-type.bundle.unit-test";
		};
/* End PBXNativeTarget section */

/* Begin PBXProject section */
		DBD84B9D1CFA4F9900F462DB /* Project object */ = {
			isa = PBXProject;
			attributes = {
				LastSwiftUpdateCheck = 0730;
				LastUpgradeCheck = 0730;
				ORGANIZATIONNAME = "César Gutiérrez Tapiador";
				TargetAttributes = {
					DBD84BA41CFA4F9900F462DB = {
						CreatedOnToolsVersion = 7.3.1;
						DevelopmentTeam = 9H889CU7HM;
					};
					DBD84BB81CFA4F9900F462DB = {
						CreatedOnToolsVersion = 7.3.1;
						TestTargetID = DBD84BA41CFA4F9900F462DB;
					};
				};
			};
			buildConfigurationList = DBD84BA01CFA4F9900F462DB /* Build configuration list for PBXProject "BebeSano" */;
			compatibilityVersion = "Xcode 3.2";
			developmentRegion = English;
			hasScannedForEncodings = 0;
			knownRegions = (
				en,
				Base,
			);
			mainGroup = DBD84B9C1CFA4F9900F462DB;
			productRefGroup = DBD84BA61CFA4F9900F462DB /* Products */;
			projectDirPath = "";
			projectRoot = "";
			targets = (
				DBD84BA41CFA4F9900F462DB /* BebeSano */,
				DBD84BB81CFA4F9900F462DB /* BebeSanoTests */,
			);
		};
/* End PBXProject section */

/* Begin PBXResourcesBuildPhase section */
		DBD84BA31CFA4F9900F462DB /* Resources */ = {
			isa = PBXResourcesBuildPhase;
			buildActionMask = 2147483647;
			files = (
				DB3A65781D04C4E9007A2A27 /* Main.storyboard in Resources */,
				DBD84BB01CFA4F9900F462DB /* Assets.xcassets in Resources */,
			);
			runOnlyForDeploymentPostprocessing = 0;
		};
		DBD84BB71CFA4F9900F462DB /* Resources */ = {
			isa = PBXResourcesBuildPhase;
			buildActionMask = 2147483647;
			files = (
			);
			runOnlyForDeploymentPostprocessing = 0;
		};
/* End PBXResourcesBuildPhase section */

/* Begin PBXSourcesBuildPhase section */
		DBD84BA11CFA4F9900F462DB /* Sources */ = {
			isa = PBXSourcesBuildPhase;
			buildActionMask = 2147483647;
			files = (
				DB3A65751D021FA4007A2A27 /* PercentileViewController.swift in Sources */,
				DBAFB3D81CFB0E0F0083B061 /* GenderControl.swift in Sources */,
				DBD84BAB1CFA4F9900F462DB /* ChildViewController.swift in Sources */,
				DB3FA0DA1D00C746007FA8B5 /* ChildTableViewCell.swift in Sources */,
				DBD84BA91CFA4F9900F462DB /* AppDelegate.swift in Sources */,
				DB3FA0D71CFF7221007FA8B5 /* Percentile.swift in Sources */,
				DBAFB3DA1CFB3ADA0083B061 /* Child.swift in Sources */,
				DB3A65731D021258007A2A27 /* ChildTableViewController.swift in Sources */,
				DB6586D81CFADDCC00454235 /* DatePickerDialog.swift in Sources */,
			);
			runOnlyForDeploymentPostprocessing = 0;
		};
		DBD84BB51CFA4F9900F462DB /* Sources */ = {
			isa = PBXSourcesBuildPhase;
			buildActionMask = 2147483647;
			files = (
				DBAFB3DB1CFB3ADA0083B061 /* Child.swift in Sources */,
				DB3FA0D81CFF7221007FA8B5 /* Percentile.swift in Sources */,
				DBD84BBE1CFA4F9900F462DB /* BebeSanoTests.swift in Sources */,
			);
			runOnlyForDeploymentPostprocessing = 0;
		};
/* End PBXSourcesBuildPhase section */

/* Begin PBXTargetDependency section */
		DBD84BBB1CFA4F9900F462DB /* PBXTargetDependency */ = {
			isa = PBXTargetDependency;
			target = DBD84BA41CFA4F9900F462DB /* BebeSano */;
			targetProxy = DBD84BBA1CFA4F9900F462DB /* PBXContainerItemProxy */;
		};
/* End PBXTargetDependency section */

/* Begin PBXVariantGroup section */
		DB3A65761D04C4E9007A2A27 /* Main.storyboard */ = {
			isa = PBXVariantGroup;
			children = (
				DB3A65771D04C4E9007A2A27 /* Base */,
			);
			name = Main.storyboard;
			sourceTree = "<group>";
		};
/* End PBXVariantGroup section */

/* Begin XCBuildConfiguration section */
		DBD84BC01CFA4F9900F462DB /* Debug */ = {
			isa = XCBuildConfiguration;
			buildSettings = {
				ALWAYS_SEARCH_USER_PATHS = NO;
				CLANG_ANALYZER_NONNULL = YES;
				CLANG_CXX_LANGUAGE_STANDARD = "gnu++0x";
				CLANG_CXX_LIBRARY = "libc++";
				CLANG_ENABLE_MODULES = YES;
				CLANG_ENABLE_OBJC_ARC = YES;
				CLANG_WARN_BOOL_CONVERSION = YES;
				CLANG_WARN_CONSTANT_CONVERSION = YES;
				CLANG_WARN_DIRECT_OBJC_ISA_USAGE = YES_ERROR;
				CLANG_WARN_EMPTY_BODY = YES;
				CLANG_WARN_ENUM_CONVERSION = YES;
				CLANG_WARN_INT_CONVERSION = YES;
				CLANG_WARN_OBJC_ROOT_CLASS = YES_ERROR;
				CLANG_WARN_UNREACHABLE_CODE = YES;
				CLANG_WARN__DUPLICATE_METHOD_MATCH = YES;
				"CODE_SIGN_IDENTITY[sdk=iphoneos*]" = "iPhone Developer";
				COPY_PHASE_STRIP = NO;
				DEBUG_INFORMATION_FORMAT = dwarf;
				ENABLE_STRICT_OBJC_MSGSEND = YES;
				ENABLE_TESTABILITY = YES;
				GCC_C_LANGUAGE_STANDARD = gnu99;
				GCC_DYNAMIC_NO_PIC = NO;
				GCC_NO_COMMON_BLOCKS = YES;
				GCC_OPTIMIZATION_LEVEL = 0;
				GCC_PREPROCESSOR_DEFINITIONS = (
					"DEBUG=1",
					"$(inherited)",
				);
				GCC_WARN_64_TO_32_BIT_CONVERSION = YES;
				GCC_WARN_ABOUT_RETURN_TYPE = YES_ERROR;
				GCC_WARN_UNDECLARED_SELECTOR = YES;
				GCC_WARN_UNINITIALIZED_AUTOS = YES_AGGRESSIVE;
				GCC_WARN_UNUSED_FUNCTION = YES;
				GCC_WARN_UNUSED_VARIABLE = YES;
				IPHONEOS_DEPLOYMENT_TARGET = 9.3;
				MTL_ENABLE_DEBUG_INFO = YES;
				ONLY_ACTIVE_ARCH = YES;
				SDKROOT = iphoneos;
				SWIFT_OPTIMIZATION_LEVEL = "-Onone";
				TARGETED_DEVICE_FAMILY = "1,2";
			};
			name = Debug;
		};
		DBD84BC11CFA4F9900F462DB /* Release */ = {
			isa = XCBuildConfiguration;
			buildSettings = {
				ALWAYS_SEARCH_USER_PATHS = NO;
				CLANG_ANALYZER_NONNULL = YES;
				CLANG_CXX_LANGUAGE_STANDARD = "gnu++0x";
				CLANG_CXX_LIBRARY = "libc++";
				CLANG_ENABLE_MODULES = YES;
				CLANG_ENABLE_OBJC_ARC = YES;
				CLANG_WARN_BOOL_CONVERSION = YES;
				CLANG_WARN_CONSTANT_CONVERSION = YES;
				CLANG_WARN_DIRECT_OBJC_ISA_USAGE = YES_ERROR;
				CLANG_WARN_EMPTY_BODY = YES;
				CLANG_WARN_ENUM_CONVERSION = YES;
				CLANG_WARN_INT_CONVERSION = YES;
				CLANG_WARN_OBJC_ROOT_CLASS = YES_ERROR;
				CLANG_WARN_UNREACHABLE_CODE = YES;
				CLANG_WARN__DUPLICATE_METHOD_MATCH = YES;
				"CODE_SIGN_IDENTITY[sdk=iphoneos*]" = "iPhone Developer";
				COPY_PHASE_STRIP = NO;
				DEBUG_INFORMATION_FORMAT = "dwarf-with-dsym";
				ENABLE_NS_ASSERTIONS = NO;
				ENABLE_STRICT_OBJC_MSGSEND = YES;
				GCC_C_LANGUAGE_STANDARD = gnu99;
				GCC_NO_COMMON_BLOCKS = YES;
				GCC_WARN_64_TO_32_BIT_CONVERSION = YES;
				GCC_WARN_ABOUT_RETURN_TYPE = YES_ERROR;
				GCC_WARN_UNDECLARED_SELECTOR = YES;
				GCC_WARN_UNINITIALIZED_AUTOS = YES_AGGRESSIVE;
				GCC_WARN_UNUSED_FUNCTION = YES;
				GCC_WARN_UNUSED_VARIABLE = YES;
				IPHONEOS_DEPLOYMENT_TARGET = 9.3;
				MTL_ENABLE_DEBUG_INFO = NO;
				SDKROOT = iphoneos;
				TARGETED_DEVICE_FAMILY = "1,2";
				VALIDATE_PRODUCT = YES;
			};
			name = Release;
		};
		DBD84BC31CFA4F9900F462DB /* Debug */ = {
			isa = XCBuildConfiguration;
			buildSettings = {
				ASSETCATALOG_COMPILER_APPICON_NAME = AppIcon;
				CODE_SIGN_IDENTITY = "iPhone Developer";
				"CODE_SIGN_IDENTITY[sdk=iphoneos*]" = "iPhone Developer";
				INFOPLIST_FILE = BebeSano/Info.plist;
				LD_RUNPATH_SEARCH_PATHS = "$(inherited) @executable_path/Frameworks";
				PRODUCT_BUNDLE_IDENTIFIER = com.cesar.BebeSano;
				PRODUCT_NAME = "$(TARGET_NAME)";
				PROVISIONING_PROFILE = "";
			};
			name = Debug;
		};
		DBD84BC41CFA4F9900F462DB /* Release */ = {
			isa = XCBuildConfiguration;
			buildSettings = {
				ASSETCATALOG_COMPILER_APPICON_NAME = AppIcon;
				CODE_SIGN_IDENTITY = "iPhone Developer";
				"CODE_SIGN_IDENTITY[sdk=iphoneos*]" = "iPhone Developer";
				INFOPLIST_FILE = BebeSano/Info.plist;
				LD_RUNPATH_SEARCH_PATHS = "$(inherited) @executable_path/Frameworks";
				PRODUCT_BUNDLE_IDENTIFIER = com.cesar.BebeSano;
				PRODUCT_NAME = "$(TARGET_NAME)";
				PROVISIONING_PROFILE = "";
			};
			name = Release;
		};
		DBD84BC61CFA4F9900F462DB /* Debug */ = {
			isa = XCBuildConfiguration;
			buildSettings = {
				BUNDLE_LOADER = "$(TEST_HOST)";
				INFOPLIST_FILE = BebeSanoTests/Info.plist;
				LD_RUNPATH_SEARCH_PATHS = "$(inherited) @executable_path/Frameworks @loader_path/Frameworks";
				PRODUCT_BUNDLE_IDENTIFIER = com.cesar.BebeSanoTests;
				PRODUCT_NAME = "$(TARGET_NAME)";
				TEST_HOST = "$(BUILT_PRODUCTS_DIR)/BebeSano.app/BebeSano";
			};
			name = Debug;
		};
		DBD84BC71CFA4F9900F462DB /* Release */ = {
			isa = XCBuildConfiguration;
			buildSettings = {
				BUNDLE_LOADER = "$(TEST_HOST)";
				INFOPLIST_FILE = BebeSanoTests/Info.plist;
				LD_RUNPATH_SEARCH_PATHS = "$(inherited) @executable_path/Frameworks @loader_path/Frameworks";
				PRODUCT_BUNDLE_IDENTIFIER = com.cesar.BebeSanoTests;
				PRODUCT_NAME = "$(TARGET_NAME)";
				TEST_HOST = "$(BUILT_PRODUCTS_DIR)/BebeSano.app/BebeSano";
			};
			name = Release;
		};
/* End XCBuildConfiguration section */

/* Begin XCConfigurationList section */
		DBD84BA01CFA4F9900F462DB /* Build configuration list for PBXProject "BebeSano" */ = {
			isa = XCConfigurationList;
			buildConfigurations = (
				DBD84BC01CFA4F9900F462DB /* Debug */,
				DBD84BC11CFA4F9900F462DB /* Release */,
			);
			defaultConfigurationIsVisible = 0;
			defaultConfigurationName = Release;
		};
		DBD84BC21CFA4F9900F462DB /* Build configuration list for PBXNativeTarget "BebeSano" */ = {
			isa = XCConfigurationList;
			buildConfigurations = (
				DBD84BC31CFA4F9900F462DB /* Debug */,
				DBD84BC41CFA4F9900F462DB /* Release */,
			);
			defaultConfigurationIsVisible = 0;
			defaultConfigurationName = Release;
		};
		DBD84BC51CFA4F9900F462DB /* Build configuration list for PBXNativeTarget "BebeSanoTests" */ = {
			isa = XCConfigurationList;
			buildConfigurations = (
				DBD84BC61CFA4F9900F462DB /* Debug */,
				DBD84BC71CFA4F9900F462DB /* Release */,
			);
			defaultConfigurationIsVisible = 0;
			defaultConfigurationName = Release;
		};
/* End XCConfigurationList section */
	};
	rootObject = DBD84B9D1CFA4F9900F462DB /* Project object */;
}
